<Solution>
  <Folder Name="/Solution Items/">
    <File Path=".editorconfig" />
    <File Path="Directory.Build.props" />
    <File Path="Directory.Packages.props" />
  </Folder>
  <Project Path="kasthack.telemetry.dbconnection.di/kasthack.telemetry.dbconnection.di.csproj" />
  <Project Path="kasthack.telemetry.dbconnection.ef/kasthack.telemetry.dbconnection.ef.csproj" />
  <Project Path="kasthack.telemetry.dbconnection/kasthack.telemetry.dbconnection.csproj" />
  <Project Path="kasthack.telemetry.dbconnection.sample/kasthack.telemetry.dbconnection.sample.csproj" />
  <Project Path="kasthack.telemetry.dbconnection.tests/kasthack.telemetry.dbconnection.tests.csproj" />
</Solution>
